Microsoft Visual Studio Solution File, Format Version 12.00
# Visual Studio 2012
Project("{FAE04EC0-301F-11D3-BF4B-00C04F79EFBC}") = "20230603 095434", "20230603 095434.csproj", "{B6C037FA-C99F-4204-B615-5DE9A892828A}"
EndProject
Global
	GlobalSection(SolutionConfigurationPlatforms) = preSolution
	Debug|Any CPU = Debug|Any CPU
	ExportDebug|Any CPU = ExportDebug|Any CPU
	ExportRelease|Any CPU = ExportRelease|Any CPU
	EndGlobalSection
	GlobalSection(ProjectConfigurationPlatforms) = postSolution
		{B6C037FA-C99F-4204-B615-5DE9A892828A}.Debug|Any CPU.ActiveCfg = Debug|Any CPU
		{B6C037FA-C99F-4204-B615-5DE9A892828A}.Debug|Any CPU.Build.0 = Debug|Any CPU
		{B6C037FA-C99F-4204-B615-5DE9A892828A}.ExportDebug|Any CPU.ActiveCfg = ExportDebug|Any CPU
		{B6C037FA-C99F-4204-B615-5DE9A892828A}.ExportDebug|Any CPU.Build.0 = ExportDebug|Any CPU
		{B6C037FA-C99F-4204-B615-5DE9A892828A}.ExportRelease|Any CPU.ActiveCfg = ExportRelease|Any CPU
		{B6C037FA-C99F-4204-B615-5DE9A892828A}.ExportRelease|Any CPU.Build.0 = ExportRelease|Any CPU
	EndGlobalSection
EndGlobal
